
Microsoft Visual Studio Solution File, Format Version 12.00
# Visual Studio Version 17
VisualStudioVersion = 17.11.35017.193
MinimumVisualStudioVersion = 10.0.40219.1
Project("{FAE04EC0-301F-11D3-BF4B-00C04F79EFBC}") = "TestTask", "TestTask\TestTask.csproj", "{6CA50788-474C-466A-A129-B4C47A04C6AD}"
EndProject
Project("{FAE04EC0-301F-11D3-BF4B-00C04F79EFBC}") = "TriangleTests", "TriangleTests\TriangleTests.csproj", "{7992B28C-0470-429C-987D-6F191086DE73}"
EndProject
Global
	GlobalSection(SolutionConfigurationPlatforms) = preSolution
		Debug|Any CPU = Debug|Any CPU
		Release|Any CPU = Release|Any CPU
	EndGlobalSection
	GlobalSection(ProjectConfigurationPlatforms) = postSolution
		{6CA50788-474C-466A-A129-B4C47A04C6AD}.Debug|Any CPU.ActiveCfg = Debug|Any CPU
		{6CA50788-474C-466A-A129-B4C47A04C6AD}.Debug|Any CPU.Build.0 = Debug|Any CPU
		{6CA50788-474C-466A-A129-B4C47A04C6AD}.Release|Any CPU.ActiveCfg = Release|Any CPU
		{6CA50788-474C-466A-A129-B4C47A04C6AD}.Release|Any CPU.Build.0 = Release|Any CPU
		{7992B28C-0470-429C-987D-6F191086DE73}.Debug|Any CPU.ActiveCfg = Debug|Any CPU
		{7992B28C-0470-429C-987D-6F191086DE73}.Debug|Any CPU.Build.0 = Debug|Any CPU
		{7992B28C-0470-429C-987D-6F191086DE73}.Release|Any CPU.ActiveCfg = Release|Any CPU
		{7992B28C-0470-429C-987D-6F191086DE73}.Release|Any CPU.Build.0 = Release|Any CPU
	EndGlobalSection
	GlobalSection(SolutionProperties) = preSolution
		HideSolutionNode = FALSE
	EndGlobalSection
	GlobalSection(ExtensibilityGlobals) = postSolution
		SolutionGuid = {B3ECAD79-FE66-4D8F-845D-9F754AB7378D}
	EndGlobalSection
EndGlobal
